
Microsoft Visual Studio Solution File, Format Version 12.00
# Visual Studio Version 17
VisualStudioVersion = 17.0.31410.414
MinimumVisualStudioVersion = 10.0.40219.1
Project("{FAE04EC0-301F-11D3-BF4B-00C04F79EFBC}") = "Tree", "Tree\Tree.csproj", "{74C5C05A-EF74-4955-B2D6-9E414DCB24CF}"
EndProject
Project("{FAE04EC0-301F-11D3-BF4B-00C04F79EFBC}") = "Assginment1_TreeTravelse", "Assginment1_TreeTravelse\Assginment1_TreeTravelse.csproj", "{85DC2B44-46BE-452C-B3DA-A29788ECC3B9}"
EndProject
Project("{FAE04EC0-301F-11D3-BF4B-00C04F79EFBC}") = "IsBinarySearchTree", "IsBinarySearchTree\IsBinarySearchTree.csproj", "{A59EFDF0-F563-43BA-830A-AA1D14B84638}"
EndProject
Project("{FAE04EC0-301F-11D3-BF4B-00C04F79EFBC}") = "IsBinarySearch_HardOne", "IsBinarySearch_HardOne\IsBinarySearch_HardOne.csproj", "{3B349CB8-2599-4938-A175-C2FA2837ECBF}"
EndProject
Project("{FAE04EC0-301F-11D3-BF4B-00C04F79EFBC}") = "TreeRobertSedwarg", "TreeRobertSedwarg\TreeRobertSedwarg.csproj", "{3080E66E-04E6-47EC-AD1A-70F05E830A39}"
EndProject
Project("{FAE04EC0-301F-11D3-BF4B-00C04F79EFBC}") = "RobertSedwergTest", "RobertSedwergTest\RobertSedwergTest.csproj", "{E69E2D10-74FF-4E4E-B353-80F19268FB51}"
EndProject
Global
	GlobalSection(SolutionConfigurationPlatforms) = preSolution
		Debug|Any CPU = Debug|Any CPU
		Release|Any CPU = Release|Any CPU
	EndGlobalSection
	GlobalSection(ProjectConfigurationPlatforms) = postSolution
		{74C5C05A-EF74-4955-B2D6-9E414DCB24CF}.Debug|Any CPU.ActiveCfg = Debug|Any CPU
		{74C5C05A-EF74-4955-B2D6-9E414DCB24CF}.Debug|Any CPU.Build.0 = Debug|Any CPU
		{74C5C05A-EF74-4955-B2D6-9E414DCB24CF}.Release|Any CPU.ActiveCfg = Release|Any CPU
		{74C5C05A-EF74-4955-B2D6-9E414DCB24CF}.Release|Any CPU.Build.0 = Release|Any CPU
		{85DC2B44-46BE-452C-B3DA-A29788ECC3B9}.Debug|Any CPU.ActiveCfg = Debug|Any CPU
		{85DC2B44-46BE-452C-B3DA-A29788ECC3B9}.Debug|Any CPU.Build.0 = Debug|Any CPU
		{85DC2B44-46BE-452C-B3DA-A29788ECC3B9}.Release|Any CPU.ActiveCfg = Release|Any CPU
		{85DC2B44-46BE-452C-B3DA-A29788ECC3B9}.Release|Any CPU.Build.0 = Release|Any CPU
		{A59EFDF0-F563-43BA-830A-AA1D14B84638}.Debug|Any CPU.ActiveCfg = Debug|Any CPU
		{A59EFDF0-F563-43BA-830A-AA1D14B84638}.Debug|Any CPU.Build.0 = Debug|Any CPU
		{A59EFDF0-F563-43BA-830A-AA1D14B84638}.Release|Any CPU.ActiveCfg = Release|Any CPU
		{A59EFDF0-F563-43BA-830A-AA1D14B84638}.Release|Any CPU.Build.0 = Release|Any CPU
		{3B349CB8-2599-4938-A175-C2FA2837ECBF}.Debug|Any CPU.ActiveCfg = Debug|Any CPU
		{3B349CB8-2599-4938-A175-C2FA2837ECBF}.Debug|Any CPU.Build.0 = Debug|Any CPU
		{3B349CB8-2599-4938-A175-C2FA2837ECBF}.Release|Any CPU.ActiveCfg = Release|Any CPU
		{3B349CB8-2599-4938-A175-C2FA2837ECBF}.Release|Any CPU.Build.0 = Release|Any CPU
		{3080E66E-04E6-47EC-AD1A-70F05E830A39}.Debug|Any CPU.ActiveCfg = Debug|Any CPU
		{3080E66E-04E6-47EC-AD1A-70F05E830A39}.Debug|Any CPU.Build.0 = Debug|Any CPU
		{3080E66E-04E6-47EC-AD1A-70F05E830A39}.Release|Any CPU.ActiveCfg = Release|Any CPU
		{3080E66E-04E6-47EC-AD1A-70F05E830A39}.Release|Any CPU.Build.0 = Release|Any CPU
		{E69E2D10-74FF-4E4E-B353-80F19268FB51}.Debug|Any CPU.ActiveCfg = Debug|Any CPU
		{E69E2D10-74FF-4E4E-B353-80F19268FB51}.Debug|Any CPU.Build.0 = Debug|Any CPU
		{E69E2D10-74FF-4E4E-B353-80F19268FB51}.Release|Any CPU.ActiveCfg = Release|Any CPU
		{E69E2D10-74FF-4E4E-B353-80F19268FB51}.Release|Any CPU.Build.0 = Release|Any CPU
	EndGlobalSection
	GlobalSection(SolutionProperties) = preSolution
		HideSolutionNode = FALSE
	EndGlobalSection
	GlobalSection(ExtensibilityGlobals) = postSolution
		SolutionGuid = {FAB335AC-8D39-4BED-94BD-4856A8969924}
	EndGlobalSection
EndGlobal
