
Microsoft Visual Studio Solution File, Format Version 12.00
# Visual Studio 15
VisualStudioVersion = 15.0.26730.10
MinimumVisualStudioVersion = 10.0.40219.1
Project("{FAE04EC0-301F-11D3-BF4B-00C04F79EFBC}") = "Tree", "Tree\Tree.csproj", "{74C5C05A-EF74-4955-B2D6-9E414DCB24CF}"
EndProject
Global
	GlobalSection(SolutionConfigurationPlatforms) = preSolution
		Debug|Any CPU = Debug|Any CPU
		Release|Any CPU = Release|Any CPU
	EndGlobalSection
	GlobalSection(ProjectConfigurationPlatforms) = postSolution
		{74C5C05A-EF74-4955-B2D6-9E414DCB24CF}.Debug|Any CPU.ActiveCfg = Debug|Any CPU
		{74C5C05A-EF74-4955-B2D6-9E414DCB24CF}.Debug|Any CPU.Build.0 = Debug|Any CPU
		{74C5C05A-EF74-4955-B2D6-9E414DCB24CF}.Release|Any CPU.ActiveCfg = Release|Any CPU
		{74C5C05A-EF74-4955-B2D6-9E414DCB24CF}.Release|Any CPU.Build.0 = Release|Any CPU
	EndGlobalSection
	GlobalSection(SolutionProperties) = preSolution
		HideSolutionNode = FALSE
	EndGlobalSection
	GlobalSection(ExtensibilityGlobals) = postSolution
		SolutionGuid = {FAB335AC-8D39-4BED-94BD-4856A8969924}
	EndGlobalSection
	GlobalSection(TeamFoundationVersionControl) = preSolution
		SccNumberOfProjects = 2
		SccEnterpriseProvider = {4CA58AB2-18FA-4F8D-95D4-32DDF27D184C}
		SccTeamFoundationServer = https://mohamedmahlies.visualstudio.com/
		SccLocalPath0 = .
		SccProjectUniqueName1 = Tree\\Tree.csproj
		SccProjectName1 = Tree
		SccLocalPath1 = Tree
	EndGlobalSection
EndGlobal
